
Microsoft Visual Studio Solution File, Format Version 12.00
# Visual Studio 15
VisualStudioVersion = 15.0.28307.271
MinimumVisualStudioVersion = 10.0.40219.1
Project("{FAE04EC0-301F-11D3-BF4B-00C04F79EFBC}") = "vanandman", "vanandman\vanandman.csproj", "{14EC02BF-EF6A-44A5-8D25-8488DC315F1B}"
EndProject
Global
	GlobalSection(SolutionConfigurationPlatforms) = preSolution
		Debug|Any CPU = Debug|Any CPU
		Release|Any CPU = Release|Any CPU
	EndGlobalSection
	GlobalSection(ProjectConfigurationPlatforms) = postSolution
		{14EC02BF-EF6A-44A5-8D25-8488DC315F1B}.Debug|Any CPU.ActiveCfg = Debug|Any CPU
		{14EC02BF-EF6A-44A5-8D25-8488DC315F1B}.Debug|Any CPU.Build.0 = Debug|Any CPU
		{14EC02BF-EF6A-44A5-8D25-8488DC315F1B}.Release|Any CPU.ActiveCfg = Release|Any CPU
		{14EC02BF-EF6A-44A5-8D25-8488DC315F1B}.Release|Any CPU.Build.0 = Release|Any CPU
	EndGlobalSection
	GlobalSection(SolutionProperties) = preSolution
		HideSolutionNode = FALSE
	EndGlobalSection
	GlobalSection(ExtensibilityGlobals) = postSolution
		SolutionGuid = {DB1239EE-819F-45E1-88E6-A934D1980E06}
	EndGlobalSection
EndGlobal
